
Microsoft Visual Studio Solution File, Format Version 12.00
# Visual Studio 15
VisualStudioVersion = 15.0.26430.12
MinimumVisualStudioVersion = 10.0.40219.1
Project("{2150E333-8FDC-42A3-9474-1A3956D46DE8}") = "Projects", "Projects", "{9252B1AE-31A9-47A2-A8F5-82489A74EAA8}"
EndProject
Project("{2150E333-8FDC-42A3-9474-1A3956D46DE8}") = "Tests", "Tests", "{8A636113-5D27-43DF-A291-5B66EB1DA71F}"
EndProject
Project("{FAE04EC0-301F-11D3-BF4B-00C04F79EFBC}") = "Demo.WebApi", "Projects\Demo.WebApi\Demo.WebApi.csproj", "{CFD858E7-4A1B-423B-8DFA-E68D0CD4E6EC}"
EndProject
Project("{FAE04EC0-301F-11D3-BF4B-00C04F79EFBC}") = "Demo.WebApi.Dtos", "Projects\Demo.WebApi.Dtos\Demo.WebApi.Dtos.csproj", "{D383FC01-3AB8-4106-98EA-543607ACE0E9}"
EndProject
Project("{FAE04EC0-301F-11D3-BF4B-00C04F79EFBC}") = "Demo.Common", "Projects\Demo.Common\Demo.Common.csproj", "{B97EFB86-FB8B-43B7-9892-D4E2AF7257B6}"
EndProject
Project("{FAE04EC0-301F-11D3-BF4B-00C04F79EFBC}") = "Demo.Logic", "Projects\Demo.Logic\Demo.Logic.csproj", "{AC510806-42A1-4B3F-8A6C-97B96398D475}"
EndProject
Project("{FAE04EC0-301F-11D3-BF4B-00C04F79EFBC}") = "Demo.Common.Web", "Projects\Demo.Common.Web\Demo.Common.Web.csproj", "{800FD538-82D0-43DF-8D2C-618C2327B15E}"
EndProject
Project("{FAE04EC0-301F-11D3-BF4B-00C04F79EFBC}") = "Demo.Types", "Projects\Demo.Types\Demo.Types.csproj", "{9033BA8A-C531-4DCD-A342-A4B57DDD11D9}"
EndProject
Project("{FAE04EC0-301F-11D3-BF4B-00C04F79EFBC}") = "Demo.Common.Tests", "Tests\Demo.Common.Tests\Demo.Common.Tests.csproj", "{84A5575A-9B9F-4548-868F-CA986573E305}"
EndProject
Project("{FAE04EC0-301F-11D3-BF4B-00C04F79EFBC}") = "Demo.Logic.Tests", "Tests\Demo.Logic.Tests\Demo.Logic.Tests.csproj", "{1606C136-76FC-44E7-A36C-DD7BDC4C33A2}"
EndProject
Project("{FAE04EC0-301F-11D3-BF4B-00C04F79EFBC}") = "Demo.Types.Tests", "Tests\Demo.Types.Tests\Demo.Types.Tests.csproj", "{CC8DD834-7317-4928-ABCE-ED4A0A99D8D2}"
EndProject
Project("{2150E333-8FDC-42A3-9474-1A3956D46DE8}") = "Items", "Items", "{0DAD39A1-9848-4CD3-A1C6-2785F969FAE8}"
	ProjectSection(SolutionItems) = preProject
		CommonAssemblyInfo.cs = CommonAssemblyInfo.cs
		Demo.ruleset = Demo.ruleset
		script.sql = script.sql
	EndProjectSection
EndProject
Project("{FAE04EC0-301F-11D3-BF4B-00C04F79EFBC}") = "Demo.Common.Web.Tests", "Tests\Demo.Common.Web.Tests\Demo.Common.Web.Tests.csproj", "{F34C0E7A-3420-47F1-9F92-A24EA76E5E5A}"
EndProject
Project("{FAE04EC0-301F-11D3-BF4B-00C04F79EFBC}") = "Demo.Common.Test", "Projects\Demo.Common.Test\Demo.Common.Test.csproj", "{61886C59-7EE1-432F-8C04-5B6B97C45032}"
EndProject
Project("{FAE04EC0-301F-11D3-BF4B-00C04F79EFBC}") = "Demo.Common.Dtos", "Projects\Demo.Common.Dtos\Demo.Common.Dtos.csproj", "{01E0946A-2E00-431F-903A-B0F101422227}"
EndProject
Project("{FAE04EC0-301F-11D3-BF4B-00C04F79EFBC}") = "Demo.WebApp", "Projects\Demo.WebApp\Demo.WebApp.csproj", "{75D7F4E8-6AC8-4D2B-8E45-8995C98911B2}"
EndProject
Global
	GlobalSection(SolutionConfigurationPlatforms) = preSolution
		Debug|Any CPU = Debug|Any CPU
		Release|Any CPU = Release|Any CPU
	EndGlobalSection
	GlobalSection(ProjectConfigurationPlatforms) = postSolution
		{CFD858E7-4A1B-423B-8DFA-E68D0CD4E6EC}.Debug|Any CPU.ActiveCfg = Debug|Any CPU
		{CFD858E7-4A1B-423B-8DFA-E68D0CD4E6EC}.Debug|Any CPU.Build.0 = Debug|Any CPU
		{CFD858E7-4A1B-423B-8DFA-E68D0CD4E6EC}.Release|Any CPU.ActiveCfg = Release|Any CPU
		{CFD858E7-4A1B-423B-8DFA-E68D0CD4E6EC}.Release|Any CPU.Build.0 = Release|Any CPU
		{D383FC01-3AB8-4106-98EA-543607ACE0E9}.Debug|Any CPU.ActiveCfg = Debug|Any CPU
		{D383FC01-3AB8-4106-98EA-543607ACE0E9}.Debug|Any CPU.Build.0 = Debug|Any CPU
		{D383FC01-3AB8-4106-98EA-543607ACE0E9}.Release|Any CPU.ActiveCfg = Release|Any CPU
		{D383FC01-3AB8-4106-98EA-543607ACE0E9}.Release|Any CPU.Build.0 = Release|Any CPU
		{B97EFB86-FB8B-43B7-9892-D4E2AF7257B6}.Debug|Any CPU.ActiveCfg = Debug|Any CPU
		{B97EFB86-FB8B-43B7-9892-D4E2AF7257B6}.Debug|Any CPU.Build.0 = Debug|Any CPU
		{B97EFB86-FB8B-43B7-9892-D4E2AF7257B6}.Release|Any CPU.ActiveCfg = Release|Any CPU
		{B97EFB86-FB8B-43B7-9892-D4E2AF7257B6}.Release|Any CPU.Build.0 = Release|Any CPU
		{AC510806-42A1-4B3F-8A6C-97B96398D475}.Debug|Any CPU.ActiveCfg = Debug|Any CPU
		{AC510806-42A1-4B3F-8A6C-97B96398D475}.Debug|Any CPU.Build.0 = Debug|Any CPU
		{AC510806-42A1-4B3F-8A6C-97B96398D475}.Release|Any CPU.ActiveCfg = Release|Any CPU
		{AC510806-42A1-4B3F-8A6C-97B96398D475}.Release|Any CPU.Build.0 = Release|Any CPU
		{800FD538-82D0-43DF-8D2C-618C2327B15E}.Debug|Any CPU.ActiveCfg = Debug|Any CPU
		{800FD538-82D0-43DF-8D2C-618C2327B15E}.Debug|Any CPU.Build.0 = Debug|Any CPU
		{800FD538-82D0-43DF-8D2C-618C2327B15E}.Release|Any CPU.ActiveCfg = Release|Any CPU
		{800FD538-82D0-43DF-8D2C-618C2327B15E}.Release|Any CPU.Build.0 = Release|Any CPU
		{9033BA8A-C531-4DCD-A342-A4B57DDD11D9}.Debug|Any CPU.ActiveCfg = Debug|Any CPU
		{9033BA8A-C531-4DCD-A342-A4B57DDD11D9}.Debug|Any CPU.Build.0 = Debug|Any CPU
		{9033BA8A-C531-4DCD-A342-A4B57DDD11D9}.Release|Any CPU.ActiveCfg = Release|Any CPU
		{9033BA8A-C531-4DCD-A342-A4B57DDD11D9}.Release|Any CPU.Build.0 = Release|Any CPU
		{84A5575A-9B9F-4548-868F-CA986573E305}.Debug|Any CPU.ActiveCfg = Debug|Any CPU
		{84A5575A-9B9F-4548-868F-CA986573E305}.Debug|Any CPU.Build.0 = Debug|Any CPU
		{84A5575A-9B9F-4548-868F-CA986573E305}.Release|Any CPU.ActiveCfg = Release|Any CPU
		{84A5575A-9B9F-4548-868F-CA986573E305}.Release|Any CPU.Build.0 = Release|Any CPU
		{1606C136-76FC-44E7-A36C-DD7BDC4C33A2}.Debug|Any CPU.ActiveCfg = Debug|Any CPU
		{1606C136-76FC-44E7-A36C-DD7BDC4C33A2}.Debug|Any CPU.Build.0 = Debug|Any CPU
		{1606C136-76FC-44E7-A36C-DD7BDC4C33A2}.Release|Any CPU.ActiveCfg = Release|Any CPU
		{1606C136-76FC-44E7-A36C-DD7BDC4C33A2}.Release|Any CPU.Build.0 = Release|Any CPU
		{CC8DD834-7317-4928-ABCE-ED4A0A99D8D2}.Debug|Any CPU.ActiveCfg = Debug|Any CPU
		{CC8DD834-7317-4928-ABCE-ED4A0A99D8D2}.Debug|Any CPU.Build.0 = Debug|Any CPU
		{CC8DD834-7317-4928-ABCE-ED4A0A99D8D2}.Release|Any CPU.ActiveCfg = Release|Any CPU
		{CC8DD834-7317-4928-ABCE-ED4A0A99D8D2}.Release|Any CPU.Build.0 = Release|Any CPU
		{F34C0E7A-3420-47F1-9F92-A24EA76E5E5A}.Debug|Any CPU.ActiveCfg = Debug|Any CPU
		{F34C0E7A-3420-47F1-9F92-A24EA76E5E5A}.Debug|Any CPU.Build.0 = Debug|Any CPU
		{F34C0E7A-3420-47F1-9F92-A24EA76E5E5A}.Release|Any CPU.ActiveCfg = Release|Any CPU
		{F34C0E7A-3420-47F1-9F92-A24EA76E5E5A}.Release|Any CPU.Build.0 = Release|Any CPU
		{61886C59-7EE1-432F-8C04-5B6B97C45032}.Debug|Any CPU.ActiveCfg = Debug|Any CPU
		{61886C59-7EE1-432F-8C04-5B6B97C45032}.Debug|Any CPU.Build.0 = Debug|Any CPU
		{61886C59-7EE1-432F-8C04-5B6B97C45032}.Release|Any CPU.ActiveCfg = Release|Any CPU
		{61886C59-7EE1-432F-8C04-5B6B97C45032}.Release|Any CPU.Build.0 = Release|Any CPU
		{01E0946A-2E00-431F-903A-B0F101422227}.Debug|Any CPU.ActiveCfg = Debug|Any CPU
		{01E0946A-2E00-431F-903A-B0F101422227}.Debug|Any CPU.Build.0 = Debug|Any CPU
		{01E0946A-2E00-431F-903A-B0F101422227}.Release|Any CPU.ActiveCfg = Release|Any CPU
		{01E0946A-2E00-431F-903A-B0F101422227}.Release|Any CPU.Build.0 = Release|Any CPU
		{75D7F4E8-6AC8-4D2B-8E45-8995C98911B2}.Debug|Any CPU.ActiveCfg = Debug|Any CPU
		{75D7F4E8-6AC8-4D2B-8E45-8995C98911B2}.Debug|Any CPU.Build.0 = Debug|Any CPU
		{75D7F4E8-6AC8-4D2B-8E45-8995C98911B2}.Release|Any CPU.ActiveCfg = Release|Any CPU
		{75D7F4E8-6AC8-4D2B-8E45-8995C98911B2}.Release|Any CPU.Build.0 = Release|Any CPU
	EndGlobalSection
	GlobalSection(SolutionProperties) = preSolution
		HideSolutionNode = FALSE
	EndGlobalSection
	GlobalSection(NestedProjects) = preSolution
		{CFD858E7-4A1B-423B-8DFA-E68D0CD4E6EC} = {9252B1AE-31A9-47A2-A8F5-82489A74EAA8}
		{D383FC01-3AB8-4106-98EA-543607ACE0E9} = {9252B1AE-31A9-47A2-A8F5-82489A74EAA8}
		{B97EFB86-FB8B-43B7-9892-D4E2AF7257B6} = {9252B1AE-31A9-47A2-A8F5-82489A74EAA8}
		{AC510806-42A1-4B3F-8A6C-97B96398D475} = {9252B1AE-31A9-47A2-A8F5-82489A74EAA8}
		{800FD538-82D0-43DF-8D2C-618C2327B15E} = {9252B1AE-31A9-47A2-A8F5-82489A74EAA8}
		{9033BA8A-C531-4DCD-A342-A4B57DDD11D9} = {9252B1AE-31A9-47A2-A8F5-82489A74EAA8}
		{84A5575A-9B9F-4548-868F-CA986573E305} = {8A636113-5D27-43DF-A291-5B66EB1DA71F}
		{1606C136-76FC-44E7-A36C-DD7BDC4C33A2} = {8A636113-5D27-43DF-A291-5B66EB1DA71F}
		{CC8DD834-7317-4928-ABCE-ED4A0A99D8D2} = {8A636113-5D27-43DF-A291-5B66EB1DA71F}
		{F34C0E7A-3420-47F1-9F92-A24EA76E5E5A} = {8A636113-5D27-43DF-A291-5B66EB1DA71F}
		{61886C59-7EE1-432F-8C04-5B6B97C45032} = {9252B1AE-31A9-47A2-A8F5-82489A74EAA8}
		{01E0946A-2E00-431F-903A-B0F101422227} = {9252B1AE-31A9-47A2-A8F5-82489A74EAA8}
		{75D7F4E8-6AC8-4D2B-8E45-8995C98911B2} = {9252B1AE-31A9-47A2-A8F5-82489A74EAA8}
	EndGlobalSection
EndGlobal
